{
  "name": "stackbit-fjord-theme",
  "version": "0.0.1",
  "lockfileVersion": 3,
  "requires": true,
  "packages": {
    "": {
      "name": "stackbit-fjord-theme",
      "version": "0.0.1",
      "hasInstallScript": true,
      "license": "MIT",
      "dependencies": {
        "@stackbit/gatsby-plugin-menus": "0.0.4"
      }
    },
    "node_modules/@stackbit/gatsby-plugin-menus": {
      "version": "0.0.4",
      "resolved": "https://registry.npmjs.org/@stackbit/gatsby-plugin-menus/-/gatsby-plugin-menus-0.0.4.tgz",
      "integrity": "sha512-WBcw7Xpk4uRwlWQV8xi95hjMoU1qzvMUxKB1N/aiq7WSKDSTVSN7v1yx1nsMSLzz8BWWLq43912/kEAot+GLiA==",
      "dependencies": {
        "lodash": "^4.17.11"
      }
    },
    "node_modules/lodash": {
      "version": "4.17.15",
      "resolved": "https://registry.npmjs.org/lodash/-/lodash-4.17.15.tgz",
      "integrity": "sha512-8xOcRHvCjnocdS5cpwXQXVzmmh5e5+saE2QGoeQmbKmRS6J3VQppPOIt0MnmE+4xlZoumy0GPG0D0MVIQbNA1A=="
    }
  }
}
